github.com/cornelk/hashmap v1.0.1 h1:RXGcy29hEdLLV8T6aK4s+BAd4tq4+3Hq50N2GoG0uIg=
github.com/cornelk/hashmap v1.0.1/go.mod h1:8wbysTUDnwJGrPZ1Iwsou3m+An6sldFrJItjRhfegCw=
github.com/dchest/siphash v1.1.0 h1:1Rs9eTUlZLPBEvV+2sTaM8O0NWn0ppbgqS7p11aWawI=
github.com/dchest/siphash v1.1.0/go.mod h1:q+IRvb2gOSrUnYoPqHiyHXS0FOBBOdl6tONBlVnOnt4=
github.com/gobwas/httphead v0.1.0 h1:exrUm0f4YX0L7EBwZHuCF4GDp8aJfVeBrlLQrs6NqWU=
github.com/gobwas/httphead v0.1.0/go.mod h1:O/RXo79gxV8G+RqlR/otEwx4Q36zl9rqC5u12GKvMCM=
github.com/gobwas/pool v0.2.1 h1:xfeeEhW7pwmX8nuLVlqbzVc7udMDrwetjEv+TZIz1og=
github.com/gobwas/pool v0.2.1/go.mod h1:q8bcK0KcYlCgd9e7WYLm9LpyS+YeLd8JVDW6WezmKEw=
github.com/gobwas/ws v1.0.4 h1:5eXU1CZhpQdq5kXbKb+sECH5Ia5KiO6CYzIzdlVx6Bs=
github.com/gobwas/ws v1.0.4/go.mod h1:szmBTxLgaFppYjEmNtny/v3w89xOydFnnZMcgRRu/EM=
github.com/lemon-mint/go-worker v0.0.0-20210706143223-c9113366dbd0 h1:LdTukK7b3fAy/eFNq5DWLRob28XOie8TrVqX2CuJfsg=
github.com/lemon-mint/go-worker v0.0.0-20210706143223-c9113366dbd0/go.mod h1:GqwO9+1BM6zIqtEgeQdG5ScM+zTu8lTK04bowfVeHZM=
github.com/lemon-mint/lemonwork v0.0.0-20210708085327-9e6d2bf52c2e h1:jOiNNXsUJpkzFrJvffOThX3ioxNR/5rqJXGN6KgRSR0=
github.com/lemon-mint/lemonwork v0.0.0-20210708085327-9e6d2bf52c2e/go.mod h1:eW8nD5GtSQJCatedbtIJ+vGVQ8YeOzqJYo1opm7jNkQ=
github.com/lemon-mint/unlock v1.1.1 h1:7IwISS9miMXX7DsVKH84nlfHqodRO5c2HxCcOpvU0Xs=
github.com/lemon-mint/unlock v1.1.1/go.mod h1:OXlnfT0ysHEkNZC7lZWJvkFMzOOl89F+Nibpa/YbNA4=
